
Microsoft Visual Studio Solution File, Format Version 12.00
# Visual Studio 15
VisualStudioVersion = 15.0.28010.2041
MinimumVisualStudioVersion = 10.0.40219.1
Project("{FAE04EC0-301F-11D3-BF4B-00C04F79EFBC}") = "AsyncAwaitQuiz", "AsyncAwaitQuiz\AsyncAwaitQuiz.csproj", "{7C1A1581-8061-4F17-8F92-C751F9C3BE3F}"
EndProject
Project("{FAE04EC0-301F-11D3-BF4B-00C04F79EFBC}") = "Tests", "Tests\Tests.csproj", "{93C48F9A-9317-4BE7-9369-6805A891589A}"
EndProject
Global
	GlobalSection(SolutionConfigurationPlatforms) = preSolution
		Debug|Any CPU = Debug|Any CPU
		Release|Any CPU = Release|Any CPU
	EndGlobalSection
	GlobalSection(ProjectConfigurationPlatforms) = postSolution
		{7C1A1581-8061-4F17-8F92-C751F9C3BE3F}.Debug|Any CPU.ActiveCfg = Debug|Any CPU
		{7C1A1581-8061-4F17-8F92-C751F9C3BE3F}.Debug|Any CPU.Build.0 = Debug|Any CPU
		{7C1A1581-8061-4F17-8F92-C751F9C3BE3F}.Release|Any CPU.ActiveCfg = Release|Any CPU
		{7C1A1581-8061-4F17-8F92-C751F9C3BE3F}.Release|Any CPU.Build.0 = Release|Any CPU
		{93C48F9A-9317-4BE7-9369-6805A891589A}.Debug|Any CPU.ActiveCfg = Debug|Any CPU
		{93C48F9A-9317-4BE7-9369-6805A891589A}.Debug|Any CPU.Build.0 = Debug|Any CPU
		{93C48F9A-9317-4BE7-9369-6805A891589A}.Release|Any CPU.ActiveCfg = Release|Any CPU
		{93C48F9A-9317-4BE7-9369-6805A891589A}.Release|Any CPU.Build.0 = Release|Any CPU
	EndGlobalSection
	GlobalSection(SolutionProperties) = preSolution
		HideSolutionNode = FALSE
	EndGlobalSection
	GlobalSection(ExtensibilityGlobals) = postSolution
		SolutionGuid = {4C93DA2A-7DCA-4A39-A2CE-96AFC9AB5237}
	EndGlobalSection
EndGlobal
